
Microsoft Visual Studio Solution File, Format Version 12.00
# Visual Studio 15
VisualStudioVersion = 15.0.26403.7
MinimumVisualStudioVersion = 10.0.40219.1
Project("{FAE04EC0-301F-11D3-BF4B-00C04F79EFBC}") = "HospitalManagement", "HospitalManagement\HospitalManagement.csproj", "{7C4E0898-591C-46BC-90E3-5B72D4E80449}"
EndProject
Project("{FAE04EC0-301F-11D3-BF4B-00C04F79EFBC}") = "BusinessLayer", "BusinessLayer\BusinessLayer.csproj", "{D37AA97A-F1A3-4113-8327-B1051E2A8E8F}"
EndProject
Project("{FAE04EC0-301F-11D3-BF4B-00C04F79EFBC}") = "DataLayer", "DataLayer\DataLayer.csproj", "{0280689A-9D46-45F0-855D-A11F6698226E}"
EndProject
Global
	GlobalSection(SolutionConfigurationPlatforms) = preSolution
		Debug|Any CPU = Debug|Any CPU
		Release|Any CPU = Release|Any CPU
	EndGlobalSection
	GlobalSection(ProjectConfigurationPlatforms) = postSolution
		{7C4E0898-591C-46BC-90E3-5B72D4E80449}.Debug|Any CPU.ActiveCfg = Debug|Any CPU
		{7C4E0898-591C-46BC-90E3-5B72D4E80449}.Debug|Any CPU.Build.0 = Debug|Any CPU
		{7C4E0898-591C-46BC-90E3-5B72D4E80449}.Release|Any CPU.ActiveCfg = Release|Any CPU
		{7C4E0898-591C-46BC-90E3-5B72D4E80449}.Release|Any CPU.Build.0 = Release|Any CPU
		{D37AA97A-F1A3-4113-8327-B1051E2A8E8F}.Debug|Any CPU.ActiveCfg = Debug|Any CPU
		{D37AA97A-F1A3-4113-8327-B1051E2A8E8F}.Debug|Any CPU.Build.0 = Debug|Any CPU
		{D37AA97A-F1A3-4113-8327-B1051E2A8E8F}.Release|Any CPU.ActiveCfg = Release|Any CPU
		{D37AA97A-F1A3-4113-8327-B1051E2A8E8F}.Release|Any CPU.Build.0 = Release|Any CPU
		{0280689A-9D46-45F0-855D-A11F6698226E}.Debug|Any CPU.ActiveCfg = Debug|Any CPU
		{0280689A-9D46-45F0-855D-A11F6698226E}.Debug|Any CPU.Build.0 = Debug|Any CPU
		{0280689A-9D46-45F0-855D-A11F6698226E}.Release|Any CPU.ActiveCfg = Release|Any CPU
		{0280689A-9D46-45F0-855D-A11F6698226E}.Release|Any CPU.Build.0 = Release|Any CPU
	EndGlobalSection
	GlobalSection(SolutionProperties) = preSolution
		HideSolutionNode = FALSE
	EndGlobalSection
EndGlobal
